
Microsoft Visual Studio Solution File, Format Version 12.00
# Visual Studio Version 17
VisualStudioVersion = 17.1.32210.238
MinimumVisualStudioVersion = 10.0.40219.1
Project("{2150E333-8FDC-42A3-9474-1A3956D46DE8}") = "DataStructures", "DataStructures", "{85A1E887-04B5-404B-8985-5BEDDF4B40D0}"
EndProject
Project("{2150E333-8FDC-42A3-9474-1A3956D46DE8}") = "Applications", "Applications", "{6F7EED02-7D76-4E5D-A902-468A8C6D7B1D}"
EndProject
Project("{2150E333-8FDC-42A3-9474-1A3956D46DE8}") = "Tests", "Tests", "{D032FAD1-EB21-44F7-A875-75E8F7809DF0}"
EndProject
Project("{2150E333-8FDC-42A3-9474-1A3956D46DE8}") = "UI", "UI", "{A4CC538B-6960-40D2-8B6B-0E38A2E5F3C1}"
EndProject
Project("{9A19103F-16F7-4668-BE54-9A1E7A4F7556}") = "ValueAndReferenceTypes", "ValueAndReferenceTypes\ValueAndReferenceTypes.csproj", "{2C610128-5943-456B-9E9D-0B4208F78CFA}"
EndProject
Project("{9A19103F-16F7-4668-BE54-9A1E7A4F7556}") = "ValueAndRefTypeApp", "ValueAndRefTypeApp\ValueAndRefTypeApp.csproj", "{4A2540F4-650E-49AA-B2A4-4C54A580E6D5}"
EndProject
Project("{9A19103F-16F7-4668-BE54-9A1E7A4F7556}") = "ValueAndReferenceTypesTests", "ValueAndReferenceTypesTests\ValueAndReferenceTypesTests.csproj", "{01EEF5D8-7B45-4F61-892F-8DA7D40B5BDC}"
EndProject
Project("{9A19103F-16F7-4668-BE54-9A1E7A4F7556}") = "RecordTypeTest", "RecordTypeTest\RecordTypeTest.csproj", "{A1E3552A-571C-4A9D-9B53-C7B78D502CF3}"
EndProject
Project("{9A19103F-16F7-4668-BE54-9A1E7A4F7556}") = "Array", "Array\Array.csproj", "{7503EEEA-5D2F-418D-BF65-CB1AE54D5256}"
EndProject
Project("{2150E333-8FDC-42A3-9474-1A3956D46DE8}") = "ArrayTests", "ArrayTests", "{3E51515B-B35A-458B-AF44-3FFA7AD1CC59}"
EndProject
Project("{9A19103F-16F7-4668-BE54-9A1E7A4F7556}") = "ArrayApp", "ArrayApp\ArrayApp.csproj", "{17CB520A-E6B1-4D56-BFE9-567E0ECD76F9}"
EndProject
Project("{9A19103F-16F7-4668-BE54-9A1E7A4F7556}") = "ArrayTests", "ArrayTests\ArrayTests.csproj", "{FDA3AED7-69DC-4537-9CAF-B746A13ED179}"
EndProject
Global
	GlobalSection(SolutionConfigurationPlatforms) = preSolution
		Debug|Any CPU = Debug|Any CPU
		Release|Any CPU = Release|Any CPU
	EndGlobalSection
	GlobalSection(ProjectConfigurationPlatforms) = postSolution
		{2C610128-5943-456B-9E9D-0B4208F78CFA}.Debug|Any CPU.ActiveCfg = Debug|Any CPU
		{2C610128-5943-456B-9E9D-0B4208F78CFA}.Debug|Any CPU.Build.0 = Debug|Any CPU
		{2C610128-5943-456B-9E9D-0B4208F78CFA}.Release|Any CPU.ActiveCfg = Release|Any CPU
		{2C610128-5943-456B-9E9D-0B4208F78CFA}.Release|Any CPU.Build.0 = Release|Any CPU
		{4A2540F4-650E-49AA-B2A4-4C54A580E6D5}.Debug|Any CPU.ActiveCfg = Debug|Any CPU
		{4A2540F4-650E-49AA-B2A4-4C54A580E6D5}.Debug|Any CPU.Build.0 = Debug|Any CPU
		{4A2540F4-650E-49AA-B2A4-4C54A580E6D5}.Release|Any CPU.ActiveCfg = Release|Any CPU
		{4A2540F4-650E-49AA-B2A4-4C54A580E6D5}.Release|Any CPU.Build.0 = Release|Any CPU
		{01EEF5D8-7B45-4F61-892F-8DA7D40B5BDC}.Debug|Any CPU.ActiveCfg = Debug|Any CPU
		{01EEF5D8-7B45-4F61-892F-8DA7D40B5BDC}.Debug|Any CPU.Build.0 = Debug|Any CPU
		{01EEF5D8-7B45-4F61-892F-8DA7D40B5BDC}.Release|Any CPU.ActiveCfg = Release|Any CPU
		{01EEF5D8-7B45-4F61-892F-8DA7D40B5BDC}.Release|Any CPU.Build.0 = Release|Any CPU
		{A1E3552A-571C-4A9D-9B53-C7B78D502CF3}.Debug|Any CPU.ActiveCfg = Debug|Any CPU
		{A1E3552A-571C-4A9D-9B53-C7B78D502CF3}.Debug|Any CPU.Build.0 = Debug|Any CPU
		{A1E3552A-571C-4A9D-9B53-C7B78D502CF3}.Release|Any CPU.ActiveCfg = Release|Any CPU
		{A1E3552A-571C-4A9D-9B53-C7B78D502CF3}.Release|Any CPU.Build.0 = Release|Any CPU
		{7503EEEA-5D2F-418D-BF65-CB1AE54D5256}.Debug|Any CPU.ActiveCfg = Debug|Any CPU
		{7503EEEA-5D2F-418D-BF65-CB1AE54D5256}.Debug|Any CPU.Build.0 = Debug|Any CPU
		{7503EEEA-5D2F-418D-BF65-CB1AE54D5256}.Release|Any CPU.ActiveCfg = Release|Any CPU
		{7503EEEA-5D2F-418D-BF65-CB1AE54D5256}.Release|Any CPU.Build.0 = Release|Any CPU
		{17CB520A-E6B1-4D56-BFE9-567E0ECD76F9}.Debug|Any CPU.ActiveCfg = Debug|Any CPU
		{17CB520A-E6B1-4D56-BFE9-567E0ECD76F9}.Debug|Any CPU.Build.0 = Debug|Any CPU
		{17CB520A-E6B1-4D56-BFE9-567E0ECD76F9}.Release|Any CPU.ActiveCfg = Release|Any CPU
		{17CB520A-E6B1-4D56-BFE9-567E0ECD76F9}.Release|Any CPU.Build.0 = Release|Any CPU
		{FDA3AED7-69DC-4537-9CAF-B746A13ED179}.Debug|Any CPU.ActiveCfg = Debug|Any CPU
		{FDA3AED7-69DC-4537-9CAF-B746A13ED179}.Debug|Any CPU.Build.0 = Debug|Any CPU
		{FDA3AED7-69DC-4537-9CAF-B746A13ED179}.Release|Any CPU.ActiveCfg = Release|Any CPU
		{FDA3AED7-69DC-4537-9CAF-B746A13ED179}.Release|Any CPU.Build.0 = Release|Any CPU
	EndGlobalSection
	GlobalSection(SolutionProperties) = preSolution
		HideSolutionNode = FALSE
	EndGlobalSection
	GlobalSection(NestedProjects) = preSolution
		{2C610128-5943-456B-9E9D-0B4208F78CFA} = {6F7EED02-7D76-4E5D-A902-468A8C6D7B1D}
		{4A2540F4-650E-49AA-B2A4-4C54A580E6D5} = {A4CC538B-6960-40D2-8B6B-0E38A2E5F3C1}
		{01EEF5D8-7B45-4F61-892F-8DA7D40B5BDC} = {D032FAD1-EB21-44F7-A875-75E8F7809DF0}
		{A1E3552A-571C-4A9D-9B53-C7B78D502CF3} = {D032FAD1-EB21-44F7-A875-75E8F7809DF0}
		{7503EEEA-5D2F-418D-BF65-CB1AE54D5256} = {85A1E887-04B5-404B-8985-5BEDDF4B40D0}
		{3E51515B-B35A-458B-AF44-3FFA7AD1CC59} = {D032FAD1-EB21-44F7-A875-75E8F7809DF0}
		{17CB520A-E6B1-4D56-BFE9-567E0ECD76F9} = {A4CC538B-6960-40D2-8B6B-0E38A2E5F3C1}
		{FDA3AED7-69DC-4537-9CAF-B746A13ED179} = {3E51515B-B35A-458B-AF44-3FFA7AD1CC59}
	EndGlobalSection
	GlobalSection(ExtensibilityGlobals) = postSolution
		SolutionGuid = {C8C3E76E-1804-433A-B197-DFE75D24CAE5}
	EndGlobalSection
EndGlobal
