
Microsoft Visual Studio Solution File, Format Version 12.00
# Visual Studio Version 17
VisualStudioVersion = 17.1.32210.238
MinimumVisualStudioVersion = 10.0.40219.1
Project("{2150E333-8FDC-42A3-9474-1A3956D46DE8}") = "DataStructures", "DataStructures", "{4B101CE4-BE9C-49C1-AB2C-0DC97C0EBEAB}"
EndProject
Project("{2150E333-8FDC-42A3-9474-1A3956D46DE8}") = "Tests", "Tests", "{615378AB-DA3E-4B2C-B688-009ACAA88256}"
EndProject
Project("{2150E333-8FDC-42A3-9474-1A3956D46DE8}") = "Applications", "Applications", "{2238BF51-D41E-405F-8F27-F7C1AA51FA24}"
EndProject
Project("{2150E333-8FDC-42A3-9474-1A3956D46DE8}") = "ApplicationTests", "ApplicationTests", "{436E79B3-7325-4AD9-806E-6036BDA26069}"
EndProject
Project("{9A19103F-16F7-4668-BE54-9A1E7A4F7556}") = "23.02.2022", "..\23.02.2022\23.02.2022\23.02.2022.csproj", "{23A751CC-B9A9-4FAA-BEA2-64B76B9F4CA0}"
EndProject
Project("{FAE04EC0-301F-11D3-BF4B-00C04F79EFBC}") = "ValueAndReferenceType", "ValueAndReferenceType\ValueAndReferenceType.csproj", "{5C020BC6-A24D-4EC2-84FF-4D077B0CBB39}"
EndProject
Project("{FAE04EC0-301F-11D3-BF4B-00C04F79EFBC}") = "TheLimitOfDataTypes", "TheLimitOfDataTypes\TheLimitOfDataTypes.csproj", "{4E5F4453-6CC0-4830-977B-ACDE2D6A3922}"
EndProject
Project("{FAE04EC0-301F-11D3-BF4B-00C04F79EFBC}") = "ValueAndReferenceTypesTests", "ValueAndReferenceTypesTests\ValueAndReferenceTypesTests.csproj", "{720C9CC9-BDAC-45E3-B63A-B86FCBE399D2}"
EndProject
Global
	GlobalSection(SolutionConfigurationPlatforms) = preSolution
		Debug|Any CPU = Debug|Any CPU
		Release|Any CPU = Release|Any CPU
	EndGlobalSection
	GlobalSection(ProjectConfigurationPlatforms) = postSolution
		{23A751CC-B9A9-4FAA-BEA2-64B76B9F4CA0}.Debug|Any CPU.ActiveCfg = Debug|Any CPU
		{23A751CC-B9A9-4FAA-BEA2-64B76B9F4CA0}.Debug|Any CPU.Build.0 = Debug|Any CPU
		{23A751CC-B9A9-4FAA-BEA2-64B76B9F4CA0}.Release|Any CPU.ActiveCfg = Release|Any CPU
		{23A751CC-B9A9-4FAA-BEA2-64B76B9F4CA0}.Release|Any CPU.Build.0 = Release|Any CPU
		{5C020BC6-A24D-4EC2-84FF-4D077B0CBB39}.Debug|Any CPU.ActiveCfg = Debug|Any CPU
		{5C020BC6-A24D-4EC2-84FF-4D077B0CBB39}.Debug|Any CPU.Build.0 = Debug|Any CPU
		{5C020BC6-A24D-4EC2-84FF-4D077B0CBB39}.Release|Any CPU.ActiveCfg = Release|Any CPU
		{5C020BC6-A24D-4EC2-84FF-4D077B0CBB39}.Release|Any CPU.Build.0 = Release|Any CPU
		{4E5F4453-6CC0-4830-977B-ACDE2D6A3922}.Debug|Any CPU.ActiveCfg = Debug|Any CPU
		{4E5F4453-6CC0-4830-977B-ACDE2D6A3922}.Debug|Any CPU.Build.0 = Debug|Any CPU
		{4E5F4453-6CC0-4830-977B-ACDE2D6A3922}.Release|Any CPU.ActiveCfg = Release|Any CPU
		{4E5F4453-6CC0-4830-977B-ACDE2D6A3922}.Release|Any CPU.Build.0 = Release|Any CPU
		{720C9CC9-BDAC-45E3-B63A-B86FCBE399D2}.Debug|Any CPU.ActiveCfg = Debug|Any CPU
		{720C9CC9-BDAC-45E3-B63A-B86FCBE399D2}.Debug|Any CPU.Build.0 = Debug|Any CPU
		{720C9CC9-BDAC-45E3-B63A-B86FCBE399D2}.Release|Any CPU.ActiveCfg = Release|Any CPU
		{720C9CC9-BDAC-45E3-B63A-B86FCBE399D2}.Release|Any CPU.Build.0 = Release|Any CPU
	EndGlobalSection
	GlobalSection(SolutionProperties) = preSolution
		HideSolutionNode = FALSE
	EndGlobalSection
	GlobalSection(NestedProjects) = preSolution
		{436E79B3-7325-4AD9-806E-6036BDA26069} = {615378AB-DA3E-4B2C-B688-009ACAA88256}
		{23A751CC-B9A9-4FAA-BEA2-64B76B9F4CA0} = {2238BF51-D41E-405F-8F27-F7C1AA51FA24}
		{5C020BC6-A24D-4EC2-84FF-4D077B0CBB39} = {2238BF51-D41E-405F-8F27-F7C1AA51FA24}
		{4E5F4453-6CC0-4830-977B-ACDE2D6A3922} = {436E79B3-7325-4AD9-806E-6036BDA26069}
		{720C9CC9-BDAC-45E3-B63A-B86FCBE399D2} = {436E79B3-7325-4AD9-806E-6036BDA26069}
	EndGlobalSection
	GlobalSection(ExtensibilityGlobals) = postSolution
		SolutionGuid = {7DAA71FE-1F60-49BA-B6BF-BE4C3416109A}
	EndGlobalSection
EndGlobal
